PODS:
  - GKExtensions (1.1.0)

DEPENDENCIES:
  - GKExtensions (~> 1.1.0)

SPEC REPOS:
  https://github.com/cocoapods/specs.git:
    - GKExtensions

SPEC CHECKSUMS:
  GKExtensions: e2336b4ae2a62bfc968fd1a4ced30365ffb3f73b

PODFILE CHECKSUM: e9292f73961fe7b9449a5c4b8b8d573f1f99c71d

COCOAPODS: 1.6.1
